
Microsoft Visual Studio Solution File, Format Version 12.00
# Visual Studio 2013
VisualStudioVersion = 12.0.21005.1
MinimumVisualStudioVersion = 10.0.40219.1
Project("{8BC9CEB8-8B4A-11D0-8D11-00A0C91BC942}") = "DopEngine", "DopEngine\DopEngine.vcxproj", "{0FEAB97B-F037-4D96-AEF5-92AF2178ECA4}"
EndProject
Project("{8BC9CEB8-8B4A-11D0-8D11-00A0C91BC942}") = "DopEngineTest", "DopEngineTest\DopEngineTest.vcxproj", "{D8B0A2F1-4AC6-4E0D-9794-4AE3F3EA1574}"
	ProjectSection(ProjectDependencies) = postProject
		{0FEAB97B-F037-4D96-AEF5-92AF2178ECA4} = {0FEAB97B-F037-4D96-AEF5-92AF2178ECA4}
	EndProjectSection
EndProject
Global
	GlobalSection(SolutionConfigurationPlatforms) = preSolution
		Debug|Win32 = Debug|Win32
		Debug|x64 = Debug|x64
		Release|Win32 = Release|Win32
		Release|x64 = Release|x64
		Test|Win32 = Test|Win32
		Test|x64 = Test|x64
	EndGlobalSection
	GlobalSection(ProjectConfigurationPlatforms) = postSolution
		{0FEAB97B-F037-4D96-AEF5-92AF2178ECA4}.Debug|Win32.ActiveCfg = Debug|Win32
		{0FEAB97B-F037-4D96-AEF5-92AF2178ECA4}.Debug|Win32.Build.0 = Debug|Win32
		{0FEAB97B-F037-4D96-AEF5-92AF2178ECA4}.Debug|x64.ActiveCfg = Debug|x64
		{0FEAB97B-F037-4D96-AEF5-92AF2178ECA4}.Debug|x64.Build.0 = Debug|x64
		{0FEAB97B-F037-4D96-AEF5-92AF2178ECA4}.Release|Win32.ActiveCfg = Release|Win32
		{0FEAB97B-F037-4D96-AEF5-92AF2178ECA4}.Release|Win32.Build.0 = Release|Win32
		{0FEAB97B-F037-4D96-AEF5-92AF2178ECA4}.Release|x64.ActiveCfg = Release|x64
		{0FEAB97B-F037-4D96-AEF5-92AF2178ECA4}.Release|x64.Build.0 = Release|x64
		{0FEAB97B-F037-4D96-AEF5-92AF2178ECA4}.Test|Win32.ActiveCfg = Test|Win32
		{0FEAB97B-F037-4D96-AEF5-92AF2178ECA4}.Test|Win32.Build.0 = Test|Win32
		{0FEAB97B-F037-4D96-AEF5-92AF2178ECA4}.Test|x64.ActiveCfg = Test|x64
		{0FEAB97B-F037-4D96-AEF5-92AF2178ECA4}.Test|x64.Build.0 = Test|x64
		{D8B0A2F1-4AC6-4E0D-9794-4AE3F3EA1574}.Debug|Win32.ActiveCfg = Debug|Win32
		{D8B0A2F1-4AC6-4E0D-9794-4AE3F3EA1574}.Debug|x64.ActiveCfg = Debug|x64
		{D8B0A2F1-4AC6-4E0D-9794-4AE3F3EA1574}.Debug|x64.Build.0 = Debug|x64
		{D8B0A2F1-4AC6-4E0D-9794-4AE3F3EA1574}.Release|Win32.ActiveCfg = Release|Win32
		{D8B0A2F1-4AC6-4E0D-9794-4AE3F3EA1574}.Release|Win32.Build.0 = Release|Win32
		{D8B0A2F1-4AC6-4E0D-9794-4AE3F3EA1574}.Release|x64.ActiveCfg = Release|x64
		{D8B0A2F1-4AC6-4E0D-9794-4AE3F3EA1574}.Release|x64.Build.0 = Release|x64
		{D8B0A2F1-4AC6-4E0D-9794-4AE3F3EA1574}.Test|Win32.ActiveCfg = Test|Win32
		{D8B0A2F1-4AC6-4E0D-9794-4AE3F3EA1574}.Test|Win32.Build.0 = Test|Win32
		{D8B0A2F1-4AC6-4E0D-9794-4AE3F3EA1574}.Test|x64.ActiveCfg = Test|x64
		{D8B0A2F1-4AC6-4E0D-9794-4AE3F3EA1574}.Test|x64.Build.0 = Test|x64
	EndGlobalSection
	GlobalSection(SolutionProperties) = preSolution
		HideSolutionNode = FALSE
	EndGlobalSection
EndGlobal
